
Microsoft Visual Studio Solution File, Format Version 12.00
# Visual Studio Version 17
VisualStudioVersion = 17.14.37111.16
MinimumVisualStudioVersion = 10.0.40219.1
Project("{FAE04EC0-301F-11D3-BF4B-00C04F79EFBC}") = "AxiInstallConsumerPackage", "AxiInstallConsumerPackage.csproj", "{B81062A9-6D9E-4845-87F9-2F812527CE04}"
EndProject
Global
	GlobalSection(SolutionConfigurationPlatforms) = preSolution
		Debug|Any CPU = Debug|Any CPU
		Release|Any CPU = Release|Any CPU
	EndGlobalSection
	GlobalSection(ProjectConfigurationPlatforms) = postSolution
		{B81062A9-6D9E-4845-87F9-2F812527CE04}.Debug|Any CPU.ActiveCfg = Debug|Any CPU
		{B81062A9-6D9E-4845-87F9-2F812527CE04}.Debug|Any CPU.Build.0 = Debug|Any CPU
		{B81062A9-6D9E-4845-87F9-2F812527CE04}.Release|Any CPU.ActiveCfg = Release|Any CPU
		{B81062A9-6D9E-4845-87F9-2F812527CE04}.Release|Any CPU.Build.0 = Release|Any CPU
	EndGlobalSection
	GlobalSection(SolutionProperties) = preSolution
		HideSolutionNode = FALSE
	EndGlobalSection
	GlobalSection(ExtensibilityGlobals) = postSolution
		SolutionGuid = {081457B6-67AC-4435-8BB4-BBAB5BD5F81D}
	EndGlobalSection
EndGlobal
